{
  "version": 4,
  "terraform_version": "1.7.0",
  "serial": 23,
  "lineage": "38770660-82fd-0376-f256-ccc3c06120e5",
  "outputs": {},
  "resources": [
    {
      "mode": "managed",
      "type": "aws_internet_gateway",
      "name": "easylife-igw",
      "provider": "provider[\"registry.terraform.io/hashicorp/aws\"]",
      "instances": [
        {
          "schema_version": 0,
          "attributes": {
            "arn": "arn:aws:ec2:us-east-2:617634918462:internet-gateway/igw-01a9cf5fab0cee68f",
            "id": "igw-01a9cf5fab0cee68f",
            "owner_id": "617634918462",
            "tags": {
              "name": "Life"
            },
            "tags_all": {
              "name": "Life"
            },
            "timeouts": null,
            "vpc_id": "vpc-04051bdeb27d3e010"
          },
          "sensitive_attributes": [],
          "private": "eyJlMmJmYjczMC1lY2FhLTExZTYtOGY4OC0zNDM2M2JjN2M0YzAiOnsiY3JlYXRlIjoxMjAwMDAwMDAwMDAwLCJkZWxldGUiOjEyMDAwMDAwMDAwMDAsInVwZGF0ZSI6MTIwMDAwMDAwMDAwMH19",
          "dependencies": [
            "aws_vpc.EasyLife-vpc"
          ]
        }
      ]
    },
    {
      "mode": "managed",
      "type": "aws_key_pair",
      "name": "Priv-Keys",
      "provider": "provider[\"registry.terraform.io/hashicorp/aws\"]",
      "instances": [
        {
          "schema_version": 1,
          "attributes": {
            "arn": "arn:aws:ec2:us-east-2:617634918462:key-pair/private-keys",
            "fingerprint": "de:bc:51:d9:49:eb:f6:7e:c1:47:76:32:7c:1f:2f:41",
            "id": "private-keys",
            "key_name": "private-keys",
            "key_name_prefix": "",
            "key_pair_id": "key-07efbd96eb653ecec",
            "key_type": "rsa",
            "public_key": "ssh-rsa AAAAB3NzaC1yc2EAAAADAQABAAACAQDSr8xDW5cidAj6hNN8GUM0MbCkFVrjI7wHQSps9iQ5PAUG/lMovnQXkpRwdt7Fqk+NDCiv8rHvF1eS6uoes+HZs2uXG0QrW5kjzpXQNoNvlwZw4uzvA4vco5KQTOxF/2VmUQN0u7r0pI1Mhi2zaubwGWJnOLDh7WlD8NXsXD9OrdMtWC+SGQ1nNlbnIAiVvlagEHlhtNwnD6wlZk7q9ALce5xIKr5NllHp2l6v1GaSKubtZr1gfIUjneH/KUbjg8YhffGva4UDKVKdtL6YdlbxrgTjdr0PPmgxtDWJUGHhFrvxJCWRVKyljHMw5h/gVeYeKJRkGPFbSIVhTIBHG/Npwqghtmbo0c0fllH7tBWhyX+oxFTXicmHRkZ6D5rMGB5jewFtRlY84rjAy7Dd1TvqsEMMZ91+zX+ktyJNVxeDNklx70xHur1YqCXmboOa7F9wDlWMEEG2S7mKAFHrxgwMnv0yZh1l52hc3/Xe/vEk3brA61kMxDFidwi5Y/mAHv1t8vo3O1EDWb5QmutjolI2rFBmSVsGxjhzFDl7b2MoMHYb77fqYb4Br/NSjxL4UrHy4TT+c1gU7LEY3PXt373ERqmLbArV4MpukgTerRp6WS6LQSlm+WChrrhRJWDKUQTBUL5a4jI8xkZILLlm/q1e8UvvQivq/tJKCqrIb8KMNQ== ngabestone@gmail.com",
            "tags": {},
            "tags_all": {}
          },
          "sensitive_attributes": [],
          "private": "eyJzY2hlbWFfdmVyc2lvbiI6IjEifQ=="
        }
      ]
    },
    {
      "mode": "managed",
      "type": "aws_key_pair",
      "name": "Pub-Keys",
      "provider": "provider[\"registry.terraform.io/hashicorp/aws\"]",
      "instances": [
        {
          "schema_version": 1,
          "attributes": {
            "arn": "arn:aws:ec2:us-east-2:617634918462:key-pair/public-keys",
            "fingerprint": "de:bc:51:d9:49:eb:f6:7e:c1:47:76:32:7c:1f:2f:41",
            "id": "public-keys",
            "key_name": "public-keys",
            "key_name_prefix": "",
            "key_pair_id": "key-03db312287bf48271",
            "key_type": "rsa",
            "public_key": "ssh-rsa AAAAB3NzaC1yc2EAAAADAQABAAACAQDSr8xDW5cidAj6hNN8GUM0MbCkFVrjI7wHQSps9iQ5PAUG/lMovnQXkpRwdt7Fqk+NDCiv8rHvF1eS6uoes+HZs2uXG0QrW5kjzpXQNoNvlwZw4uzvA4vco5KQTOxF/2VmUQN0u7r0pI1Mhi2zaubwGWJnOLDh7WlD8NXsXD9OrdMtWC+SGQ1nNlbnIAiVvlagEHlhtNwnD6wlZk7q9ALce5xIKr5NllHp2l6v1GaSKubtZr1gfIUjneH/KUbjg8YhffGva4UDKVKdtL6YdlbxrgTjdr0PPmgxtDWJUGHhFrvxJCWRVKyljHMw5h/gVeYeKJRkGPFbSIVhTIBHG/Npwqghtmbo0c0fllH7tBWhyX+oxFTXicmHRkZ6D5rMGB5jewFtRlY84rjAy7Dd1TvqsEMMZ91+zX+ktyJNVxeDNklx70xHur1YqCXmboOa7F9wDlWMEEG2S7mKAFHrxgwMnv0yZh1l52hc3/Xe/vEk3brA61kMxDFidwi5Y/mAHv1t8vo3O1EDWb5QmutjolI2rFBmSVsGxjhzFDl7b2MoMHYb77fqYb4Br/NSjxL4UrHy4TT+c1gU7LEY3PXt373ERqmLbArV4MpukgTerRp6WS6LQSlm+WChrrhRJWDKUQTBUL5a4jI8xkZILLlm/q1e8UvvQivq/tJKCqrIb8KMNQ== ngabestone@gmail.com",
            "tags": {},
            "tags_all": {}
          },
          "sensitive_attributes": [],
          "private": "eyJzY2hlbWFfdmVyc2lvbiI6IjEifQ=="
        }
      ]
    },
    {
      "mode": "managed",
      "type": "aws_security_group",
      "name": "Priv-SG",
      "provider": "provider[\"registry.terraform.io/hashicorp/aws\"]",
      "instances": [
        {
          "schema_version": 1,
          "attributes": {
            "arn": "arn:aws:ec2:us-east-2:617634918462:security-group/sg-024e798fd88e5bbb0",
            "description": "Managed by Terraform",
            "egress": [
              {
                "cidr_blocks": [
                  "0.0.0.0/0"
                ],
                "description": "",
                "from_port": 0,
                "ipv6_cidr_blocks": [],
                "prefix_list_ids": [],
                "protocol": "-1",
                "security_groups": [],
                "self": false,
                "to_port": 0
              }
            ],
            "id": "sg-024e798fd88e5bbb0",
            "ingress": [
              {
                "cidr_blocks": [
                  "0.0.0.0/0"
                ],
                "description": "",
                "from_port": 22,
                "ipv6_cidr_blocks": [],
                "prefix_list_ids": [],
                "protocol": "tcp",
                "security_groups": [],
                "self": false,
                "to_port": 22
              }
            ],
            "name": "terraform-20240823202408581000000003",
            "name_prefix": "terraform-",
            "owner_id": "617634918462",
            "revoke_rules_on_delete": false,
            "tags": {
              "name": "Priv-SG"
            },
            "tags_all": {
              "name": "Priv-SG"
            },
            "timeouts": null,
            "vpc_id": "vpc-04051bdeb27d3e010"
          },
          "sensitive_attributes": [],
          "private": "eyJlMmJmYjczMC1lY2FhLTExZTYtOGY4OC0zNDM2M2JjN2M0YzAiOnsiY3JlYXRlIjo2MDAwMDAwMDAwMDAsImRlbGV0ZSI6OTAwMDAwMDAwMDAwfSwic2NoZW1hX3ZlcnNpb24iOiIxIn0=",
          "dependencies": [
            "aws_vpc.EasyLife-vpc"
          ]
        }
      ]
    },
    {
      "mode": "managed",
      "type": "aws_security_group",
      "name": "Pub-SG",
      "provider": "provider[\"registry.terraform.io/hashicorp/aws\"]",
      "instances": [
        {
          "schema_version": 1,
          "attributes": {
            "arn": "arn:aws:ec2:us-east-2:617634918462:security-group/sg-0fd0bfb515918cb94",
            "description": "Managed by Terraform",
            "egress": [
              {
                "cidr_blocks": [
                  "0.0.0.0/0"
                ],
                "description": "",
                "from_port": 0,
                "ipv6_cidr_blocks": [],
                "prefix_list_ids": [],
                "protocol": "-1",
                "security_groups": [],
                "self": false,
                "to_port": 0
              }
            ],
            "id": "sg-0fd0bfb515918cb94",
            "ingress": [
              {
                "cidr_blocks": [
                  "0.0.0.0/0"
                ],
                "description": "",
                "from_port": 22,
                "ipv6_cidr_blocks": [],
                "prefix_list_ids": [],
                "protocol": "tcp",
                "security_groups": [],
                "self": false,
                "to_port": 22
              },
              {
                "cidr_blocks": [
                  "0.0.0.0/0"
                ],
                "description": "",
                "from_port": 80,
                "ipv6_cidr_blocks": [],
                "prefix_list_ids": [],
                "protocol": "tcp",
                "security_groups": [],
                "self": false,
                "to_port": 80
              }
            ],
            "name": "terraform-20240823202408594400000004",
            "name_prefix": "terraform-",
            "owner_id": "617634918462",
            "revoke_rules_on_delete": false,
            "tags": {
              "name": "Priv-SG"
            },
            "tags_all": {
              "name": "Priv-SG"
            },
            "timeouts": null,
            "vpc_id": "vpc-04051bdeb27d3e010"
          },
          "sensitive_attributes": [],
          "private": "eyJlMmJmYjczMC1lY2FhLTExZTYtOGY4OC0zNDM2M2JjN2M0YzAiOnsiY3JlYXRlIjo2MDAwMDAwMDAwMDAsImRlbGV0ZSI6OTAwMDAwMDAwMDAwfSwic2NoZW1hX3ZlcnNpb24iOiIxIn0=",
          "dependencies": [
            "aws_vpc.EasyLife-vpc"
          ]
        }
      ]
    },
    {
      "mode": "managed",
      "type": "aws_vpc",
      "name": "EasyLife-vpc",
      "provider": "provider[\"registry.terraform.io/hashicorp/aws\"]",
      "instances": [
        {
          "schema_version": 1,
          "attributes": {
            "arn": "arn:aws:ec2:us-east-2:617634918462:vpc/vpc-04051bdeb27d3e010",
            "assign_generated_ipv6_cidr_block": false,
            "cidr_block": "10.0.0.0/16",
            "default_network_acl_id": "acl-0d83a2acb8c0fa2a0",
            "default_route_table_id": "rtb-063c427a22b45a146",
            "default_security_group_id": "sg-06e410c354c5b7fa4",
            "dhcp_options_id": "dopt-0480326effd635394",
            "enable_dns_hostnames": false,
            "enable_dns_support": true,
            "enable_network_address_usage_metrics": false,
            "id": "vpc-04051bdeb27d3e010",
            "instance_tenancy": "default",
            "ipv4_ipam_pool_id": null,
            "ipv4_netmask_length": null,
            "ipv6_association_id": "",
            "ipv6_cidr_block": "",
            "ipv6_cidr_block_network_border_group": "",
            "ipv6_ipam_pool_id": "",
            "ipv6_netmask_length": 0,
            "main_route_table_id": "rtb-063c427a22b45a146",
            "owner_id": "617634918462",
            "tags": {
              "name": "EasyLife"
            },
            "tags_all": {
              "name": "EasyLife"
            }
          },
          "sensitive_attributes": [],
          "private": "eyJzY2hlbWFfdmVyc2lvbiI6IjEifQ=="
        }
      ]
    }
  ],
  "check_results": null
}
